
Microsoft Visual Studio Solution File, Format Version 12.00
# Visual Studio Version 16
VisualStudioVersion = 16.0.30804.86
MinimumVisualStudioVersion = 10.0.40219.1
Project("{FAE04EC0-301F-11D3-BF4B-00C04F79EFBC}") = "esepciones.Consola", "esepciones.Consola\esepciones.Consola.csproj", "{B49EBBD6-D46A-40B7-BF65-010DB1640998}"
EndProject
Global
	GlobalSection(SolutionConfigurationPlatforms) = preSolution
		Debug|Any CPU = Debug|Any CPU
		Release|Any CPU = Release|Any CPU
	EndGlobalSection
	GlobalSection(ProjectConfigurationPlatforms) = postSolution
		{B49EBBD6-D46A-40B7-BF65-010DB1640998}.Debug|Any CPU.ActiveCfg = Debug|Any CPU
		{B49EBBD6-D46A-40B7-BF65-010DB1640998}.Debug|Any CPU.Build.0 = Debug|Any CPU
		{B49EBBD6-D46A-40B7-BF65-010DB1640998}.Release|Any CPU.ActiveCfg = Release|Any CPU
		{B49EBBD6-D46A-40B7-BF65-010DB1640998}.Release|Any CPU.Build.0 = Release|Any CPU
	EndGlobalSection
	GlobalSection(SolutionProperties) = preSolution
		HideSolutionNode = FALSE
	EndGlobalSection
	GlobalSection(ExtensibilityGlobals) = postSolution
		SolutionGuid = {13EA74B3-A3F9-4D05-82BF-BE3FD09BAD88}
	EndGlobalSection
EndGlobal
